
Microsoft Visual Studio Solution File, Format Version 12.00
# Visual Studio Version 17
VisualStudioVersion = 17.11.35327.3
MinimumVisualStudioVersion = 10.0.40219.1
Project("{9A19103F-16F7-4668-BE54-9A1E7A4F7556}") = "DesafioPOO", "DesafioPOO.csproj", "{90220D48-D95F-4361-9417-E1BE93CFC82B}"
EndProject
Global
	GlobalSection(SolutionConfigurationPlatforms) = preSolution
		Debug|Any CPU = Debug|Any CPU
		Release|Any CPU = Release|Any CPU
	EndGlobalSection
	GlobalSection(ProjectConfigurationPlatforms) = postSolution
		{90220D48-D95F-4361-9417-E1BE93CFC82B}.Debug|Any CPU.ActiveCfg = Debug|Any CPU
		{90220D48-D95F-4361-9417-E1BE93CFC82B}.Debug|Any CPU.Build.0 = Debug|Any CPU
		{90220D48-D95F-4361-9417-E1BE93CFC82B}.Release|Any CPU.ActiveCfg = Release|Any CPU
		{90220D48-D95F-4361-9417-E1BE93CFC82B}.Release|Any CPU.Build.0 = Release|Any CPU
	EndGlobalSection
	GlobalSection(SolutionProperties) = preSolution
		HideSolutionNode = FALSE
	EndGlobalSection
	GlobalSection(ExtensibilityGlobals) = postSolution
		SolutionGuid = {BDE71080-7680-4D44-89E7-5F9152289B1A}
	EndGlobalSection
EndGlobal
